# Code generated by scarb DO NOT EDIT.
version = 1

[[package]]
name = "ekubo"
version = "0.1.0"
source = "git+https://github.com/EkuboProtocol/abis.git?rev=8b78aa4411cde93acfac3cfab0a83e6eeac86c97#8b78aa4411cde93acfac3cfab0a83e6eeac86c97"

[[package]]
name = "openzeppelin"
version = "0.12.0"
source = "git+https://github.com/OpenZeppelin/cairo-contracts.git?rev=7016cbc33d6b482863bfe1e4734d39a9f2466ff5#7016cbc33d6b482863bfe1e4734d39a9f2466ff5"

[[package]]
name = "strkfarm_vesu"
version = "1.1.0"
dependencies = [
 "ekubo",
 "openzeppelin",
]
